// !$*UTF8*$!
{
	archiveVersion = 1;
	classes = {
	};
	objectVersion = 46;
	objects = {

/* Begin PBXBuildFile section */
		2DE4A7531DD1831000C264F4 /* main.m in Sources */ = {isa = PBXBuildFile; fileRef = 2DE4A7521DD1831000C264F4 /* main.m */; };
		2DE4A7561DD1831000C264F4 /* AppDelegate.m in Sources */ = {isa = PBXBuildFile; fileRef = 2DE4A7551DD1831000C264F4 /* AppDelegate.m */; };
		2DE4A7581DD1831000C264F4 /* Assets.xcassets in Resources */ = {isa = PBXBuildFile; fileRef = 2DE4A7571DD1831000C264F4 /* Assets.xcassets */; };
		2DE4A75B1DD1831000C264F4 /* LaunchScreen.storyboard in Resources */ = {isa = PBXBuildFile; fileRef = 2DE4A7591DD1831000C264F4 /* LaunchScreen.storyboard */; };
		2DE4A7641DD1832E00C264F4 /* ViewController.m in Sources */ = {isa = PBXBuildFile; fileRef = 2DE4A7631DD1832E00C264F4 /* ViewController.m */; };
		2DE4A7751DD183B300C264F4 /* SwpGuidancePage.m in Sources */ = {isa = PBXBuildFile; fileRef = 2DE4A7681DD183B300C264F4 /* SwpGuidancePage.m */; };
		2DE4A7761DD183B300C264F4 /* SwpGuidanceModel.m in Sources */ = {isa = PBXBuildFile; fileRef = 2DE4A76B1DD183B300C264F4 /* SwpGuidanceModel.m */; };
		2DE4A7771DD183B300C264F4 /* SwpGuidanceTools.m in Sources */ = {isa = PBXBuildFile; fileRef = 2DE4A7711DD183B300C264F4 /* SwpGuidanceTools.m */; };
		2DE4A7781DD183B300C264F4 /* SwpGuidanceCell.m in Sources */ = {isa = PBXBuildFile; fileRef = 2DE4A7741DD183B300C264F4 /* SwpGuidanceCell.m */; };
/* End PBXBuildFile section */

/* Begin PBXFileReference section */
		2DE4A74E1DD1831000C264F4 /* SwpGuidancePageDemo.app */ = {isa = PBXFileReference; explicitFileType = wrapper.application; includeInIndex = 0; path = SwpGuidancePageDemo.app; sourceTree = BUILT_PRODUCTS_DIR; };
		2DE4A7521DD1831000C264F4 /* main.m */ = {isa = PBXFileReference; lastKnownFileType = sourcecode.c.objc; path = main.m; sourceTree = "<group>"; };
		2DE4A7541DD1831000C264F4 /* AppDelegate.h */ = {isa = PBXFileReference; lastKnownFileType = sourcecode.c.h; path = AppDelegate.h; sourceTree = "<group>"; };
		2DE4A7551DD1831000C264F4 /* AppDelegate.m */ = {isa = PBXFileReference; lastKnownFileType = sourcecode.c.objc; path = AppDelegate.m; sourceTree = "<group>"; };
		2DE4A7571DD1831000C264F4 /* Assets.xcassets */ = {isa = PBXFileReference; lastKnownFileType = folder.assetcatalog; path = Assets.xcassets; sourceTree = "<group>"; };
		2DE4A75A1DD1831000C264F4 /* Base */ = {isa = PBXFileReference; lastKnownFileType = file.storyboard; name = Base; path = Base.lproj/LaunchScreen.storyboard; sourceTree = "<group>"; };
		2DE4A75C1DD1831000C264F4 /* Info.plist */ = {isa = PBXFileReference; lastKnownFileType = text.plist.xml; path = Info.plist; sourceTree = "<group>"; };
		2DE4A7621DD1832E00C264F4 /* ViewController.h */ = {isa = PBXFileReference; fileEncoding = 4; lastKnownFileType = sourcecode.c.h; path = ViewController.h; sourceTree = "<group>"; };
		2DE4A7631DD1832E00C264F4 /* ViewController.m */ = {isa = PBXFileReference; fileEncoding = 4; lastKnownFileType = sourcecode.c.objc; path = ViewController.m; sourceTree = "<group>"; };
		2DE4A7671DD183B300C264F4 /* SwpGuidancePage.h */ = {isa = PBXFileReference; fileEncoding = 4; lastKnownFileType = sourcecode.c.h; path = SwpGuidancePage.h; sourceTree = "<group>"; };
		2DE4A7681DD183B300C264F4 /* SwpGuidancePage.m */ = {isa = PBXFileReference; fileEncoding = 4; lastKnownFileType = sourcecode.c.objc; path = SwpGuidancePage.m; sourceTree = "<group>"; };
		2DE4A76A1DD183B300C264F4 /* SwpGuidanceModel.h */ = {isa = PBXFileReference; fileEncoding = 4; lastKnownFileType = sourcecode.c.h; path = SwpGuidanceModel.h; sourceTree = "<group>"; };
		2DE4A76B1DD183B300C264F4 /* SwpGuidanceModel.m */ = {isa = PBXFileReference; fileEncoding = 4; lastKnownFileType = sourcecode.c.objc; path = SwpGuidanceModel.m; sourceTree = "<group>"; };
		2DE4A76E1DD183B300C264F4 /* SwpGuidancePageHeader.h */ = {isa = PBXFileReference; fileEncoding = 4; lastKnownFileType = sourcecode.c.h; path = SwpGuidancePageHeader.h; sourceTree = "<group>"; };
		2DE4A7701DD183B300C264F4 /* SwpGuidanceTools.h */ = {isa = PBXFileReference; fileEncoding = 4; lastKnownFileType = sourcecode.c.h; path = SwpGuidanceTools.h; sourceTree = "<group>"; };
		2DE4A7711DD183B300C264F4 /* SwpGuidanceTools.m */ = {isa = PBXFileReference; fileEncoding = 4; lastKnownFileType = sourcecode.c.objc; path = SwpGuidanceTools.m; sourceTree = "<group>"; };
		2DE4A7731DD183B300C264F4 /* SwpGuidanceCell.h */ = {isa = PBXFileReference; fileEncoding = 4; lastKnownFileType = sourcecode.c.h; path = SwpGuidanceCell.h; sourceTree = "<group>"; };
		2DE4A7741DD183B300C264F4 /* SwpGuidanceCell.m */ = {isa = PBXFileReference; fileEncoding = 4; lastKnownFileType = sourcecode.c.objc; path = SwpGuidanceCell.m; sourceTree = "<group>"; };
/* End PBXFileReference section */

/* Begin PBXFrameworksBuildPhase section */
		2DE4A74B1DD1831000C264F4 /* Frameworks */ = {
			isa = PBXFrameworksBuildPhase;
			buildActionMask = 2147483647;
			files = (
			);
			runOnlyForDeploymentPostprocessing = 0;
		};
/* End PBXFrameworksBuildPhase section */

/* Begin PBXGroup section */
		2DE4A7451DD1831000C264F4 = {
			isa = PBXGroup;
			children = (
				2DE4A7501DD1831000C264F4 /* SwpGuidancePageDemo */,
				2DE4A74F1DD1831000C264F4 /* Products */,
			);
			sourceTree = "<group>";
		};
		2DE4A74F1DD1831000C264F4 /* Products */ = {
			isa = PBXGroup;
			children = (
				2DE4A74E1DD1831000C264F4 /* SwpGuidancePageDemo.app */,
			);
			name = Products;
			sourceTree = "<group>";
		};
		2DE4A7501DD1831000C264F4 /* SwpGuidancePageDemo */ = {
			isa = PBXGroup;
			children = (
				2DE4A7651DD183B300C264F4 /* SwpGuidancePage */,
				2DE4A7621DD1832E00C264F4 /* ViewController.h */,
				2DE4A7631DD1832E00C264F4 /* ViewController.m */,
				2DE4A7541DD1831000C264F4 /* AppDelegate.h */,
				2DE4A7551DD1831000C264F4 /* AppDelegate.m */,
				2DE4A7571DD1831000C264F4 /* Assets.xcassets */,
				2DE4A7591DD1831000C264F4 /* LaunchScreen.storyboard */,
				2DE4A75C1DD1831000C264F4 /* Info.plist */,
				2DE4A7511DD1831000C264F4 /* Supporting Files */,
			);
			path = SwpGuidancePageDemo;
			sourceTree = "<group>";
		};
		2DE4A7511DD1831000C264F4 /* Supporting Files */ = {
			isa = PBXGroup;
			children = (
				2DE4A7521DD1831000C264F4 /* main.m */,
			);
			name = "Supporting Files";
			sourceTree = "<group>";
		};
		2DE4A7651DD183B300C264F4 /* SwpGuidancePage */ = {
			isa = PBXGroup;
			children = (
				2DE4A7661DD183B300C264F4 /* Controllers */,
				2DE4A7691DD183B300C264F4 /* Models */,
				2DE4A76C1DD183B300C264F4 /* Order */,
				2DE4A7721DD183B300C264F4 /* Views */,
			);
			name = SwpGuidancePage;
			path = ../../SwpGuidancePage;
			sourceTree = "<group>";
		};
		2DE4A7661DD183B300C264F4 /* Controllers */ = {
			isa = PBXGroup;
			children = (
				2DE4A7671DD183B300C264F4 /* SwpGuidancePage.h */,
				2DE4A7681DD183B300C264F4 /* SwpGuidancePage.m */,
			);
			path = Controllers;
			sourceTree = "<group>";
		};
		2DE4A7691DD183B300C264F4 /* Models */ = {
			isa = PBXGroup;
			children = (
				2DE4A76A1DD183B300C264F4 /* SwpGuidanceModel.h */,
				2DE4A76B1DD183B300C264F4 /* SwpGuidanceModel.m */,
			);
			path = Models;
			sourceTree = "<group>";
		};
		2DE4A76C1DD183B300C264F4 /* Order */ = {
			isa = PBXGroup;
			children = (
				2DE4A76D1DD183B300C264F4 /* Header */,
				2DE4A76F1DD183B300C264F4 /* Tools */,
			);
			path = Order;
			sourceTree = "<group>";
		};
		2DE4A76D1DD183B300C264F4 /* Header */ = {
			isa = PBXGroup;
			children = (
				2DE4A76E1DD183B300C264F4 /* SwpGuidancePageHeader.h */,
			);
			path = Header;
			sourceTree = "<group>";
		};
		2DE4A76F1DD183B300C264F4 /* Tools */ = {
			isa = PBXGroup;
			children = (
				2DE4A7701DD183B300C264F4 /* SwpGuidanceTools.h */,
				2DE4A7711DD183B300C264F4 /* SwpGuidanceTools.m */,
			);
			path = Tools;
			sourceTree = "<group>";
		};
		2DE4A7721DD183B300C264F4 /* Views */ = {
			isa = PBXGroup;
			children = (
				2DE4A7731DD183B300C264F4 /* SwpGuidanceCell.h */,
				2DE4A7741DD183B300C264F4 /* SwpGuidanceCell.m */,
			);
			path = Views;
			sourceTree = "<group>";
		};
/* End PBXGroup section */

/* Begin PBXNativeTarget section */
		2DE4A74D1DD1831000C264F4 /* SwpGuidancePageDemo */ = {
			isa = PBXNativeTarget;
			buildConfigurationList = 2DE4A75F1DD1831000C264F4 /* Build configuration list for PBXNativeTarget "SwpGuidancePageDemo" */;
			buildPhases = (
				2DE4A74A1DD1831000C264F4 /* Sources */,
				2DE4A74B1DD1831000C264F4 /* Frameworks */,
				2DE4A74C1DD1831000C264F4 /* Resources */,
			);
			buildRules = (
			);
			dependencies = (
			);
			name = SwpGuidancePageDemo;
			productName = SwpGuidancePageDemo;
			productReference = 2DE4A74E1DD1831000C264F4 /* SwpGuidancePageDemo.app */;
			productType = "com.apple.product-type.application";
		};
/* End PBXNativeTarget section */

/* Begin PBXProject section */
		2DE4A7461DD1831000C264F4 /* Project object */ = {
			isa = PBXProject;
			attributes = {
				LastUpgradeCheck = 0830;
				ORGANIZATIONNAME = swp_song;
				TargetAttributes = {
					2DE4A74D1DD1831000C264F4 = {
						CreatedOnToolsVersion = 8.1;
						ProvisioningStyle = Automatic;
					};
				};
			};
			buildConfigurationList = 2DE4A7491DD1831000C264F4 /* Build configuration list for PBXProject "SwpGuidancePageDemo" */;
			compatibilityVersion = "Xcode 3.2";
			developmentRegion = English;
			hasScannedForEncodings = 0;
			knownRegions = (
				en,
				Base,
			);
			mainGroup = 2DE4A7451DD1831000C264F4;
			productRefGroup = 2DE4A74F1DD1831000C264F4 /* Products */;
			projectDirPath = "";
			projectRoot = "";
			targets = (
				2DE4A74D1DD1831000C264F4 /* SwpGuidancePageDemo */,
			);
		};
/* End PBXProject section */

/* Begin PBXResourcesBuildPhase section */
		2DE4A74C1DD1831000C264F4 /* Resources */ = {
			isa = PBXResourcesBuildPhase;
			buildActionMask = 2147483647;
			files = (
				2DE4A7581DD1831000C264F4 /* Assets.xcassets in Resources */,
				2DE4A75B1DD1831000C264F4 /* LaunchScreen.storyboard in Resources */,
			);
			runOnlyForDeploymentPostprocessing = 0;
		};
/* End PBXResourcesBuildPhase section */

/* Begin PBXSourcesBuildPhase section */
		2DE4A74A1DD1831000C264F4 /* Sources */ = {
			isa = PBXSourcesBuildPhase;
			buildActionMask = 2147483647;
			files = (
				2DE4A7781DD183B300C264F4 /* SwpGuidanceCell.m in Sources */,
				2DE4A7641DD1832E00C264F4 /* ViewController.m in Sources */,
				2DE4A7561DD1831000C264F4 /* AppDelegate.m in Sources */,
				2DE4A7771DD183B300C264F4 /* SwpGuidanceTools.m in Sources */,
				2DE4A7761DD183B300C264F4 /* SwpGuidanceModel.m in Sources */,
				2DE4A7531DD1831000C264F4 /* main.m in Sources */,
				2DE4A7751DD183B300C264F4 /* SwpGuidancePage.m in Sources */,
			);
			runOnlyForDeploymentPostprocessing = 0;
		};
/* End PBXSourcesBuildPhase section */

/* Begin PBXVariantGroup section */
		2DE4A7591DD1831000C264F4 /* LaunchScreen.storyboard */ = {
			isa = PBXVariantGroup;
			children = (
				2DE4A75A1DD1831000C264F4 /* Base */,
			);
			name = LaunchScreen.storyboard;
			sourceTree = "<group>";
		};
/* End PBXVariantGroup section */

/* Begin XCBuildConfiguration section */
		2DE4A75D1DD1831000C264F4 /* Debug */ = {
			isa = XCBuildConfiguration;
			buildSettings = {
				ALWAYS_SEARCH_USER_PATHS = NO;
				CLANG_ANALYZER_NONNULL = YES;
				CLANG_CXX_LANGUAGE_STANDARD = "gnu++0x";
				CLANG_CXX_LIBRARY = "libc++";
				CLANG_ENABLE_MODULES = YES;
				CLANG_ENABLE_OBJC_ARC = YES;
				CLANG_WARN_BOOL_CONVERSION = YES;
				CLANG_WARN_CONSTANT_CONVERSION = YES;
				CLANG_WARN_DIRECT_OBJC_ISA_USAGE = YES_ERROR;
				CLANG_WARN_DOCUMENTATION_COMMENTS = YES;
				CLANG_WARN_EMPTY_BODY = YES;
				CLANG_WARN_ENUM_CONVERSION = YES;
				CLANG_WARN_INFINITE_RECURSION = YES;
				CLANG_WARN_INT_CONVERSION = YES;
				CLANG_WARN_OBJC_ROOT_CLASS = YES_ERROR;
				CLANG_WARN_SUSPICIOUS_MOVE = YES;
				CLANG_WARN_SUSPICIOUS_MOVES = YES;
				CLANG_WARN_UNREACHABLE_CODE = YES;
				CLANG_WARN__DUPLICATE_METHOD_MATCH = YES;
				"CODE_SIGN_IDENTITY[sdk=iphoneos*]" = "iPhone Developer";
				COPY_PHASE_STRIP = NO;
				DEBUG_INFORMATION_FORMAT = dwarf;
				ENABLE_STRICT_OBJC_MSGSEND = YES;
				ENABLE_TESTABILITY = YES;
				GCC_C_LANGUAGE_STANDARD = gnu99;
				GCC_DYNAMIC_NO_PIC = NO;
				GCC_NO_COMMON_BLOCKS = YES;
				GCC_OPTIMIZATION_LEVEL = 0;
				GCC_PREPROCESSOR_DEFINITIONS = (
					"DEBUG=1",
					"$(inherited)",
				);
				GCC_WARN_64_TO_32_BIT_CONVERSION = YES;
				GCC_WARN_ABOUT_RETURN_TYPE = YES_ERROR;
				GCC_WARN_UNDECLARED_SELECTOR = YES;
				GCC_WARN_UNINITIALIZED_AUTOS = YES_AGGRESSIVE;
				GCC_WARN_UNUSED_FUNCTION = YES;
				GCC_WARN_UNUSED_VARIABLE = YES;
				IPHONEOS_DEPLOYMENT_TARGET = 10.1;
				MTL_ENABLE_DEBUG_INFO = YES;
				ONLY_ACTIVE_ARCH = YES;
				SDKROOT = iphoneos;
			};
			name = Debug;
		};
		2DE4A75E1DD1831000C264F4 /* Release */ = {
			isa = XCBuildConfiguration;
			buildSettings = {
				ALWAYS_SEARCH_USER_PATHS = NO;
				CLANG_ANALYZER_NONNULL = YES;
				CLANG_CXX_LANGUAGE_STANDARD = "gnu++0x";
				CLANG_CXX_LIBRARY = "libc++";
				CLANG_ENABLE_MODULES = YES;
				CLANG_ENABLE_OBJC_ARC = YES;
				CLANG_WARN_BOOL_CONVERSION = YES;
				CLANG_WARN_CONSTANT_CONVERSION = YES;
				CLANG_WARN_DIRECT_OBJC_ISA_USAGE = YES_ERROR;
				CLANG_WARN_DOCUMENTATION_COMMENTS = YES;
				CLANG_WARN_EMPTY_BODY = YES;
				CLANG_WARN_ENUM_CONVERSION = YES;
				CLANG_WARN_INFINITE_RECURSION = YES;
				CLANG_WARN_INT_CONVERSION = YES;
				CLANG_WARN_OBJC_ROOT_CLASS = YES_ERROR;
				CLANG_WARN_SUSPICIOUS_MOVE = YES;
				CLANG_WARN_SUSPICIOUS_MOVES = YES;
				CLANG_WARN_UNREACHABLE_CODE = YES;
				CLANG_WARN__DUPLICATE_METHOD_MATCH = YES;
				"CODE_SIGN_IDENTITY[sdk=iphoneos*]" = "iPhone Developer";
				COPY_PHASE_STRIP = NO;
				DEBUG_INFORMATION_FORMAT = "dwarf-with-dsym";
				ENABLE_NS_ASSERTIONS = NO;
				ENABLE_STRICT_OBJC_MSGSEND = YES;
				GCC_C_LANGUAGE_STANDARD = gnu99;
				GCC_NO_COMMON_BLOCKS = YES;
				GCC_WARN_64_TO_32_BIT_CONVERSION = YES;
				GCC_WARN_ABOUT_RETURN_TYPE = YES_ERROR;
				GCC_WARN_UNDECLARED_SELECTOR = YES;
				GCC_WARN_UNINITIALIZED_AUTOS = YES_AGGRESSIVE;
				GCC_WARN_UNUSED_FUNCTION = YES;
				GCC_WARN_UNUSED_VARIABLE = YES;
				IPHONEOS_DEPLOYMENT_TARGET = 10.1;
				MTL_ENABLE_DEBUG_INFO = NO;
				SDKROOT = iphoneos;
				VALIDATE_PRODUCT = YES;
			};
			name = Release;
		};
		2DE4A7601DD1831000C264F4 /* Debug */ = {
			isa = XCBuildConfiguration;
			buildSettings = {
				ASSETCATALOG_COMPILER_APPICON_NAME = AppIcon;
				INFOPLIST_FILE = SwpGuidancePageDemo/Info.plist;
				LD_RUNPATH_SEARCH_PATHS = "$(inherited) @executable_path/Frameworks";
				PRODUCT_BUNDLE_IDENTIFIER = "swp-song.SwpGuidancePageDemo";
				PRODUCT_NAME = "$(TARGET_NAME)";
			};
			name = Debug;
		};
		2DE4A7611DD1831000C264F4 /* Release */ = {
			isa = XCBuildConfiguration;
			buildSettings = {
				ASSETCATALOG_COMPILER_APPICON_NAME = AppIcon;
				INFOPLIST_FILE = SwpGuidancePageDemo/Info.plist;
				LD_RUNPATH_SEARCH_PATHS = "$(inherited) @executable_path/Frameworks";
				PRODUCT_BUNDLE_IDENTIFIER = "swp-song.SwpGuidancePageDemo";
				PRODUCT_NAME = "$(TARGET_NAME)";
			};
			name = Release;
		};
/* End XCBuildConfiguration section */

/* Begin XCConfigurationList section */
		2DE4A7491DD1831000C264F4 /* Build configuration list for PBXProject "SwpGuidancePageDemo" */ = {
			isa = XCConfigurationList;
			buildConfigurations = (
				2DE4A75D1DD1831000C264F4 /* Debug */,
				2DE4A75E1DD1831000C264F4 /* Release */,
			);
			defaultConfigurationIsVisible = 0;
			defaultConfigurationName = Release;
		};
		2DE4A75F1DD1831000C264F4 /* Build configuration list for PBXNativeTarget "SwpGuidancePageDemo" */ = {
			isa = XCConfigurationList;
			buildConfigurations = (
				2DE4A7601DD1831000C264F4 /* Debug */,
				2DE4A7611DD1831000C264F4 /* Release */,
			);
			defaultConfigurationIsVisible = 0;
			defaultConfigurationName = Release;
		};
/* End XCConfigurationList section */
	};
	rootObject = 2DE4A7461DD1831000C264F4 /* Project object */;
}
